// !$*UTF8*$!
{
	archiveVersion = 1;
	classes = {
	};
	objectVersion = 55;
	objects = {

/* Begin PBXBuildFile section */
		AAAED4C927906CAA00F0F818 /* AppDelegate.swift in Sources */ = {isa = PBXBuildFile; fileRef = AAAED4C827906CAA00F0F818 /* AppDelegate.swift */; };
		AAAED4CB27906CAA00F0F818 /* SceneDelegate.swift in Sources */ = {isa = PBXBuildFile; fileRef = AAAED4CA27906CAA00F0F818 /* SceneDelegate.swift */; };
		AAAED4CD27906CAA00F0F818 /* ViewController.swift in Sources */ = {isa = PBXBuildFile; fileRef = AAAED4CC27906CAA00F0F818 /* ViewController.swift */; };
		AAAED4D027906CAA00F0F818 /* Main.storyboard in Resources */ = {isa = PBXBuildFile; fileRef = AAAED4CE27906CAA00F0F818 /* Main.storyboard */; };
		AAAED4D227906CAB00F0F818 /* Assets.xcassets in Resources */ = {isa = PBXBuildFile; fileRef = AAAED4D127906CAB00F0F818 /* Assets.xcassets */; };
		AAAED4D527906CAB00F0F818 /* LaunchScreen.storyboard in Resources */ = {isa = PBXBuildFile; fileRef = AAAED4D327906CAB00F0F818 /* LaunchScreen.storyboard */; };
		AAF21E8E2799A9830010F3EB /* T_extField.swift in Sources */ = {isa = PBXBuildFile; fileRef = AAF21E8D2799A9830010F3EB /* T_extField.swift */; };
		AAF21E902799A9C70010F3EB /* L_ogical.swift in Sources */ = {isa = PBXBuildFile; fileRef = AAF21E8F2799A9C70010F3EB /* L_ogical.swift */; };
/* End PBXBuildFile section */

/* Begin PBXFileReference section */
		AAAED4C527906CAA00F0F818 /* miTokm.app */ = {isa = PBXFileReference; explicitFileType = wrapper.application; includeInIndex = 0; path = miTokm.app; sourceTree = BUILT_PRODUCTS_DIR; };
		AAAED4C827906CAA00F0F818 /* AppDelegate.swift */ = {isa = PBXFileReference; lastKnownFileType = sourcecode.swift; path = AppDelegate.swift; sourceTree = "<group>"; };
		AAAED4CA27906CAA00F0F818 /* SceneDelegate.swift */ = {isa = PBXFileReference; lastKnownFileType = sourcecode.swift; path = SceneDelegate.swift; sourceTree = "<group>"; };
		AAAED4CC27906CAA00F0F818 /* ViewController.swift */ = {isa = PBXFileReference; lastKnownFileType = sourcecode.swift; path = ViewController.swift; sourceTree = "<group>"; };
		AAAED4CF27906CAA00F0F818 /* Base */ = {isa = PBXFileReference; lastKnownFileType = file.storyboard; name = Base; path = Base.lproj/Main.storyboard; sourceTree = "<group>"; };
		AAAED4D127906CAB00F0F818 /* Assets.xcassets */ = {isa = PBXFileReference; lastKnownFileType = folder.assetcatalog; path = Assets.xcassets; sourceTree = "<group>"; };
		AAAED4D427906CAB00F0F818 /* Base */ = {isa = PBXFileReference; lastKnownFileType = file.storyboard; name = Base; path = Base.lproj/LaunchScreen.storyboard; sourceTree = "<group>"; };
		AAAED4D627906CAB00F0F818 /* Info.plist */ = {isa = PBXFileReference; lastKnownFileType = text.plist.xml; path = Info.plist; sourceTree = "<group>"; };
		AAF21E8D2799A9830010F3EB /* T_extField.swift */ = {isa = PBXFileReference; lastKnownFileType = sourcecode.swift; path = T_extField.swift; sourceTree = "<group>"; };
		AAF21E8F2799A9C70010F3EB /* L_ogical.swift */ = {isa = PBXFileReference; lastKnownFileType = sourcecode.swift; path = L_ogical.swift; sourceTree = "<group>"; };
/* End PBXFileReference section */

/* Begin PBXFrameworksBuildPhase section */
		AAAED4C227906CAA00F0F818 /* Frameworks */ = {
			isa = PBXFrameworksBuildPhase;
			buildActionMask = 2147483647;
			files = (
			);
			runOnlyForDeploymentPostprocessing = 0;
		};
/* End PBXFrameworksBuildPhase section */

/* Begin PBXGroup section */
		AA828BB22795B16300478396 /* Views */ = {
			isa = PBXGroup;
			children = (
				AAF21E8D2799A9830010F3EB /* T_extField.swift */,
			);
			path = Views;
			sourceTree = "<group>";
		};
		AA828BB32795B16E00478396 /* Model */ = {
			isa = PBXGroup;
			children = (
				AAF21E8F2799A9C70010F3EB /* L_ogical.swift */,
			);
			path = Model;
			sourceTree = "<group>";
		};
		AAAED4BC27906CAA00F0F818 = {
			isa = PBXGroup;
			children = (
				AAAED4C727906CAA00F0F818 /* miTokm */,
				AAAED4C627906CAA00F0F818 /* Products */,
			);
			sourceTree = "<group>";
		};
		AAAED4C627906CAA00F0F818 /* Products */ = {
			isa = PBXGroup;
			children = (
				AAAED4C527906CAA00F0F818 /* miTokm.app */,
			);
			name = Products;
			sourceTree = "<group>";
		};
		AAAED4C727906CAA00F0F818 /* miTokm */ = {
			isa = PBXGroup;
			children = (
				AA828BB32795B16E00478396 /* Model */,
				AA828BB22795B16300478396 /* Views */,
				AAAED4DC27906CBE00F0F818 /* Controllers */,
				AAAED4C827906CAA00F0F818 /* AppDelegate.swift */,
				AAAED4CA27906CAA00F0F818 /* SceneDelegate.swift */,
				AAAED4CE27906CAA00F0F818 /* Main.storyboard */,
				AAAED4D127906CAB00F0F818 /* Assets.xcassets */,
				AAAED4D327906CAB00F0F818 /* LaunchScreen.storyboard */,
				AAAED4D627906CAB00F0F818 /* Info.plist */,
			);
			path = miTokm;
			sourceTree = "<group>";
		};
		AAAED4DC27906CBE00F0F818 /* Controllers */ = {
			isa = PBXGroup;
			children = (
				AAAED4CC27906CAA00F0F818 /* ViewController.swift */,
			);
			path = Controllers;
			sourceTree = "<group>";
		};
/* End PBXGroup section */

/* Begin PBXNativeTarget section */
		AAAED4C427906CAA00F0F818 /* miTokm */ = {
			isa = PBXNativeTarget;
			buildConfigurationList = AAAED4D927906CAB00F0F818 /* Build configuration list for PBXNativeTarget "miTokm" */;
			buildPhases = (
				AAAED4C127906CAA00F0F818 /* Sources */,
				AAAED4C227906CAA00F0F818 /* Frameworks */,
				AAAED4C327906CAA00F0F818 /* Resources */,
			);
			buildRules = (
			);
			dependencies = (
			);
			name = miTokm;
			productName = miTokm;
			productReference = AAAED4C527906CAA00F0F818 /* miTokm.app */;
			productType = "com.apple.product-type.application";
		};
/* End PBXNativeTarget section */

/* Begin PBXProject section */
		AAAED4BD27906CAA00F0F818 /* Project object */ = {
			isa = PBXProject;
			attributes = {
				BuildIndependentTargetsInParallel = 1;
				LastSwiftUpdateCheck = 1310;
				LastUpgradeCheck = 1310;
				TargetAttributes = {
					AAAED4C427906CAA00F0F818 = {
						CreatedOnToolsVersion = 13.1;
					};
				};
			};
			buildConfigurationList = AAAED4C027906CAA00F0F818 /* Build configuration list for PBXProject "miTokm" */;
			compatibilityVersion = "Xcode 13.0";
			developmentRegion = en;
			hasScannedForEncodings = 0;
			knownRegions = (
				en,
				Base,
			);
			mainGroup = AAAED4BC27906CAA00F0F818;
			productRefGroup = AAAED4C627906CAA00F0F818 /* Products */;
			projectDirPath = "";
			projectRoot = "";
			targets = (
				AAAED4C427906CAA00F0F818 /* miTokm */,
			);
		};
/* End PBXProject section */

/* Begin PBXResourcesBuildPhase section */
		AAAED4C327906CAA00F0F818 /* Resources */ = {
			isa = PBXResourcesBuildPhase;
			buildActionMask = 2147483647;
			files = (
				AAAED4D527906CAB00F0F818 /* LaunchScreen.storyboard in Resources */,
				AAAED4D227906CAB00F0F818 /* Assets.xcassets in Resources */,
				AAAED4D027906CAA00F0F818 /* Main.storyboard in Resources */,
			);
			runOnlyForDeploymentPostprocessing = 0;
		};
/* End PBXResourcesBuildPhase section */

/* Begin PBXSourcesBuildPhase section */
		AAAED4C127906CAA00F0F818 /* Sources */ = {
			isa = PBXSourcesBuildPhase;
			buildActionMask = 2147483647;
			files = (
				AAAED4CD27906CAA00F0F818 /* ViewController.swift in Sources */,
				AAF21E902799A9C70010F3EB /* L_ogical.swift in Sources */,
				AAAED4C927906CAA00F0F818 /* AppDelegate.swift in Sources */,
				AAAED4CB27906CAA00F0F818 /* SceneDelegate.swift in Sources */,
				AAF21E8E2799A9830010F3EB /* T_extField.swift in Sources */,
			);
			runOnlyForDeploymentPostprocessing = 0;
		};
/* End PBXSourcesBuildPhase section */

/* Begin PBXVariantGroup section */
		AAAED4CE27906CAA00F0F818 /* Main.storyboard */ = {
			isa = PBXVariantGroup;
			children = (
				AAAED4CF27906CAA00F0F818 /* Base */,
			);
			name = Main.storyboard;
			sourceTree = "<group>";
		};
		AAAED4D327906CAB00F0F818 /* LaunchScreen.storyboard */ = {
			isa = PBXVariantGroup;
			children = (
				AAAED4D427906CAB00F0F818 /* Base */,
			);
			name = LaunchScreen.storyboard;
			sourceTree = "<group>";
		};
/* End PBXVariantGroup section */

/* Begin XCBuildConfiguration section */
		AAAED4D727906CAB00F0F818 /* Debug */ = {
			isa = XCBuildConfiguration;
			buildSettings = {
				ALWAYS_SEARCH_USER_PATHS = NO;
				CLANG_ANALYZER_NONNULL = YES;
				CLANG_ANALYZER_NUMBER_OBJECT_CONVERSION = YES_AGGRESSIVE;
				CLANG_CXX_LANGUAGE_STANDARD = "gnu++17";
				CLANG_CXX_LIBRARY = "libc++";
				CLANG_ENABLE_MODULES = YES;
				CLANG_ENABLE_OBJC_ARC = YES;
				CLANG_ENABLE_OBJC_WEAK = YES;
				CLANG_WARN_BLOCK_CAPTURE_AUTORELEASING = YES;
				CLANG_WARN_BOOL_CONVERSION = YES;
				CLANG_WARN_COMMA = YES;
				CLANG_WARN_CONSTANT_CONVERSION = YES;
				CLANG_WARN_DEPRECATED_OBJC_IMPLEMENTATIONS = YES;
				CLANG_WARN_DIRECT_OBJC_ISA_USAGE = YES_ERROR;
				CLANG_WARN_DOCUMENTATION_COMMENTS = YES;
				CLANG_WARN_EMPTY_BODY = YES;
				CLANG_WARN_ENUM_CONVERSION = YES;
				CLANG_WARN_INFINITE_RECURSION = YES;
				CLANG_WARN_INT_CONVERSION = YES;
				CLANG_WARN_NON_LITERAL_NULL_CONVERSION = YES;
				CLANG_WARN_OBJC_IMPLICIT_RETAIN_SELF = YES;
				CLANG_WARN_OBJC_LITERAL_CONVERSION = YES;
				CLANG_WARN_OBJC_ROOT_CLASS = YES_ERROR;
				CLANG_WARN_QUOTED_INCLUDE_IN_FRAMEWORK_HEADER = YES;
				CLANG_WARN_RANGE_LOOP_ANALYSIS = YES;
				CLANG_WARN_STRICT_PROTOTYPES = YES;
				CLANG_WARN_SUSPICIOUS_MOVE = YES;
				CLANG_WARN_UNGUARDED_AVAILABILITY = YES_AGGRESSIVE;
				CLANG_WARN_UNREACHABLE_CODE = YES;
				CLANG_WARN__DUPLICATE_METHOD_MATCH = YES;
				COPY_PHASE_STRIP = NO;
				DEBUG_INFORMATION_FORMAT = dwarf;
				ENABLE_STRICT_OBJC_MSGSEND = YES;
				ENABLE_TESTABILITY = YES;
				GCC_C_LANGUAGE_STANDARD = gnu11;
				GCC_DYNAMIC_NO_PIC = NO;
				GCC_NO_COMMON_BLOCKS = YES;
				GCC_OPTIMIZATION_LEVEL = 0;
				GCC_PREPROCESSOR_DEFINITIONS = (
					"DEBUG=1",
					"$(inherited)",
				);
				GCC_WARN_64_TO_32_BIT_CONVERSION = YES;
				GCC_WARN_ABOUT_RETURN_TYPE = YES_ERROR;
				GCC_WARN_UNDECLARED_SELECTOR = YES;
				GCC_WARN_UNINITIALIZED_AUTOS = YES_AGGRESSIVE;
				GCC_WARN_UNUSED_FUNCTION = YES;
				GCC_WARN_UNUSED_VARIABLE = YES;
				IPHONEOS_DEPLOYMENT_TARGET = 15.0;
				MTL_ENABLE_DEBUG_INFO = INCLUDE_SOURCE;
				MTL_FAST_MATH = YES;
				ONLY_ACTIVE_ARCH = YES;
				SDKROOT = iphoneos;
				SWIFT_ACTIVE_COMPILATION_CONDITIONS = DEBUG;
				SWIFT_OPTIMIZATION_LEVEL = "-Onone";
			};
			name = Debug;
		};
		AAAED4D827906CAB00F0F818 /* Release */ = {
			isa = XCBuildConfiguration;
			buildSettings = {
				ALWAYS_SEARCH_USER_PATHS = NO;
				CLANG_ANALYZER_NONNULL = YES;
				CLANG_ANALYZER_NUMBER_OBJECT_CONVERSION = YES_AGGRESSIVE;
				CLANG_CXX_LANGUAGE_STANDARD = "gnu++17";
				CLANG_CXX_LIBRARY = "libc++";
				CLANG_ENABLE_MODULES = YES;
				CLANG_ENABLE_OBJC_ARC = YES;
				CLANG_ENABLE_OBJC_WEAK = YES;
				CLANG_WARN_BLOCK_CAPTURE_AUTORELEASING = YES;
				CLANG_WARN_BOOL_CONVERSION = YES;
				CLANG_WARN_COMMA = YES;
				CLANG_WARN_CONSTANT_CONVERSION = YES;
				CLANG_WARN_DEPRECATED_OBJC_IMPLEMENTATIONS = YES;
				CLANG_WARN_DIRECT_OBJC_ISA_USAGE = YES_ERROR;
				CLANG_WARN_DOCUMENTATION_COMMENTS = YES;
				CLANG_WARN_EMPTY_BODY = YES;
				CLANG_WARN_ENUM_CONVERSION = YES;
				CLANG_WARN_INFINITE_RECURSION = YES;
				CLANG_WARN_INT_CONVERSION = YES;
				CLANG_WARN_NON_LITERAL_NULL_CONVERSION = YES;
				CLANG_WARN_OBJC_IMPLICIT_RETAIN_SELF = YES;
				CLANG_WARN_OBJC_LITERAL_CONVERSION = YES;
				CLANG_WARN_OBJC_ROOT_CLASS = YES_ERROR;
				CLANG_WARN_QUOTED_INCLUDE_IN_FRAMEWORK_HEADER = YES;
				CLANG_WARN_RANGE_LOOP_ANALYSIS = YES;
				CLANG_WARN_STRICT_PROTOTYPES = YES;
				CLANG_WARN_SUSPICIOUS_MOVE = YES;
				CLANG_WARN_UNGUARDED_AVAILABILITY = YES_AGGRESSIVE;
				CLANG_WARN_UNREACHABLE_CODE = YES;
				CLANG_WARN__DUPLICATE_METHOD_MATCH = YES;
				COPY_PHASE_STRIP = NO;
				DEBUG_INFORMATION_FORMAT = "dwarf-with-dsym";
				ENABLE_NS_ASSERTIONS = NO;
				ENABLE_STRICT_OBJC_MSGSEND = YES;
				GCC_C_LANGUAGE_STANDARD = gnu11;
				GCC_NO_COMMON_BLOCKS = YES;
				GCC_WARN_64_TO_32_BIT_CONVERSION = YES;
				GCC_WARN_ABOUT_RETURN_TYPE = YES_ERROR;
				GCC_WARN_UNDECLARED_SELECTOR = YES;
				GCC_WARN_UNINITIALIZED_AUTOS = YES_AGGRESSIVE;
				GCC_WARN_UNUSED_FUNCTION = YES;
				GCC_WARN_UNUSED_VARIABLE = YES;
				IPHONEOS_DEPLOYMENT_TARGET = 15.0;
				MTL_ENABLE_DEBUG_INFO = NO;
				MTL_FAST_MATH = YES;
				SDKROOT = iphoneos;
				SWIFT_COMPILATION_MODE = wholemodule;
				SWIFT_OPTIMIZATION_LEVEL = "-O";
				VALIDATE_PRODUCT = YES;
			};
			name = Release;
		};
		AAAED4DA27906CAB00F0F818 /* Debug */ = {
			isa = XCBuildConfiguration;
			buildSettings = {
				ASSETCATALOG_COMPILER_APPICON_NAME = AppIcon;
				ASSETCATALOG_COMPILER_GLOBAL_ACCENT_COLOR_NAME = AccentColor;
				CODE_SIGN_STYLE = Automatic;
				CURRENT_PROJECT_VERSION = 1;
				GENERATE_INFOPLIST_FILE = YES;
				INFOPLIST_FILE = miTokm/Info.plist;
				INFOPLIST_KEY_UIApplicationSupportsIndirectInputEvents = YES;
				INFOPLIST_KEY_UILaunchStoryboardName = LaunchScreen;
				INFOPLIST_KEY_UIMainStoryboardFile = Main;
				INFOPLIST_KEY_UISupportedInterfaceOrientations = "UIInterfaceOrientationPortrait UIInterfaceOrientationLandscapeRight UIInterfaceOrientationLandscapeLeft";
				INFOPLIST_KEY_UISupportedInterfaceOrientations_iPad = "UIInterfaceOrientationPortrait UIInterfaceOrientationPortraitUpsideDown UIInterfaceOrientationLandscapeLeft UIInterfaceOrientationLandscapeRight";
				INFOPLIST_KEY_UISupportedInterfaceOrientations_iPhone = "UIInterfaceOrientationPortrait UIInterfaceOrientationLandscapeLeft UIInterfaceOrientationLandscapeRight";
				LD_RUNPATH_SEARCH_PATHS = (
					"$(inherited)",
					"@executable_path/Frameworks",
				);
				MARKETING_VERSION = 1.0;
				PRODUCT_BUNDLE_IDENTIFIER = forddev777.miTokm;
				PRODUCT_NAME = "$(TARGET_NAME)";
				SWIFT_EMIT_LOC_STRINGS = YES;
				SWIFT_VERSION = 5.0;
				TARGETED_DEVICE_FAMILY = "1,2";
			};
			name = Debug;
		};
		AAAED4DB27906CAB00F0F818 /* Release */ = {
			isa = XCBuildConfiguration;
			buildSettings = {
				ASSETCATALOG_COMPILER_APPICON_NAME = AppIcon;
				ASSETCATALOG_COMPILER_GLOBAL_ACCENT_COLOR_NAME = AccentColor;
				CODE_SIGN_STYLE = Automatic;
				CURRENT_PROJECT_VERSION = 1;
				GENERATE_INFOPLIST_FILE = YES;
				INFOPLIST_FILE = miTokm/Info.plist;
				INFOPLIST_KEY_UIApplicationSupportsIndirectInputEvents = YES;
				INFOPLIST_KEY_UILaunchStoryboardName = LaunchScreen;
				INFOPLIST_KEY_UIMainStoryboardFile = Main;
				INFOPLIST_KEY_UISupportedInterfaceOrientations = "UIInterfaceOrientationPortrait UIInterfaceOrientationLandscapeRight UIInterfaceOrientationLandscapeLeft";
				INFOPLIST_KEY_UISupportedInterfaceOrientations_iPad = "UIInterfaceOrientationPortrait UIInterfaceOrientationPortraitUpsideDown UIInterfaceOrientationLandscapeLeft UIInterfaceOrientationLandscapeRight";
				INFOPLIST_KEY_UISupportedInterfaceOrientations_iPhone = "UIInterfaceOrientationPortrait UIInterfaceOrientationLandscapeLeft UIInterfaceOrientationLandscapeRight";
				LD_RUNPATH_SEARCH_PATHS = (
					"$(inherited)",
					"@executable_path/Frameworks",
				);
				MARKETING_VERSION = 1.0;
				PRODUCT_BUNDLE_IDENTIFIER = forddev777.miTokm;
				PRODUCT_NAME = "$(TARGET_NAME)";
				SWIFT_EMIT_LOC_STRINGS = YES;
				SWIFT_VERSION = 5.0;
				TARGETED_DEVICE_FAMILY = "1,2";
			};
			name = Release;
		};
/* End XCBuildConfiguration section */

/* Begin XCConfigurationList section */
		AAAED4C027906CAA00F0F818 /* Build configuration list for PBXProject "miTokm" */ = {
			isa = XCConfigurationList;
			buildConfigurations = (
				AAAED4D727906CAB00F0F818 /* Debug */,
				AAAED4D827906CAB00F0F818 /* Release */,
			);
			defaultConfigurationIsVisible = 0;
			defaultConfigurationName = Release;
		};
		AAAED4D927906CAB00F0F818 /* Build configuration list for PBXNativeTarget "miTokm" */ = {
			isa = XCConfigurationList;
			buildConfigurations = (
				AAAED4DA27906CAB00F0F818 /* Debug */,
				AAAED4DB27906CAB00F0F818 /* Release */,
			);
			defaultConfigurationIsVisible = 0;
			defaultConfigurationName = Release;
		};
/* End XCConfigurationList section */
	};
	rootObject = AAAED4BD27906CAA00F0F818 /* Project object */;
}
